// !$*UTF8*$!
{
	archiveVersion = 1;
	classes = {
	};
	objectVersion = 77;
	objects = {

/* Begin PBXContainerItemProxy section */
		92725A972F99A036006FE9F2 /* PBXContainerItemProxy */ = {
			isa = PBXContainerItemProxy;
			containerPortal = 92725A7E2F99A034006FE9F2 /* Project object */;
			proxyType = 1;
			remoteGlobalIDString = 92725A852F99A034006FE9F2;
			remoteInfo = "Household Chore Rotation";
		};
		92725AA12F99A036006FE9F2 /* PBXContainerItemProxy */ = {
			isa = PBXContainerItemProxy;
			containerPortal = 92725A7E2F99A034006FE9F2 /* Project object */;
			proxyType = 1;
			remoteGlobalIDString = 92725A852F99A034006FE9F2;
			remoteInfo = "Household Chore Rotation";
		};
/* End PBXContainerItemProxy section */

/* Begin PBXFileReference section */
		92725A862F99A034006FE9F2 /* Household Chore Rotation.app */ = {isa = PBXFileReference; explicitFileType = wrapper.application; includeInIndex = 0; path = "Household Chore Rotation.app"; sourceTree = BUILT_PRODUCTS_DIR; };
		92725A962F99A036006FE9F2 /* Household Chore RotationTests.xctest */ = {isa = PBXFileReference; explicitFileType = wrapper.cfbundle; includeInIndex = 0; path = "Household Chore RotationTests.xctest"; sourceTree = BUILT_PRODUCTS_DIR; };
		92725AA02F99A036006FE9F2 /* Household Chore RotationUITests.xctest */ = {isa = PBXFileReference; explicitFileType = wrapper.cfbundle; includeInIndex = 0; path = "Household Chore RotationUITests.xctest"; sourceTree = BUILT_PRODUCTS_DIR; };
/* End PBXFileReference section */

/* Begin PBXFileSystemSynchronizedRootGroup section */
		92725A882F99A034006FE9F2 /* Household Chore Rotation */ = {
			isa = PBXFileSystemSynchronizedRootGroup;
			path = "Household Chore Rotation";
			sourceTree = "<group>";
		};
		92725A992F99A036006FE9F2 /* Household Chore RotationTests */ = {
			isa = PBXFileSystemSynchronizedRootGroup;
			path = "Household Chore RotationTests";
			sourceTree = "<group>";
		};
		92725AA32F99A036006FE9F2 /* Household Chore RotationUITests */ = {
			isa = PBXFileSystemSynchronizedRootGroup;
			path = "Household Chore RotationUITests";
			sourceTree = "<group>";
		};
/* End PBXFileSystemSynchronizedRootGroup section */

/* Begin PBXFrameworksBuildPhase section */
		92725A832F99A034006FE9F2 /* Frameworks */ = {
			isa = PBXFrameworksBuildPhase;
			buildActionMask = 2147483647;
			files = (
			);
			runOnlyForDeploymentPostprocessing = 0;
		};
		92725A932F99A036006FE9F2 /* Frameworks */ = {
			isa = PBXFrameworksBuildPhase;
			buildActionMask = 2147483647;
			files = (
			);
			runOnlyForDeploymentPostprocessing = 0;
		};
		92725A9D2F99A036006FE9F2 /* Frameworks */ = {
			isa = PBXFrameworksBuildPhase;
			buildActionMask = 2147483647;
			files = (
			);
			runOnlyForDeploymentPostprocessing = 0;
		};
/* End PBXFrameworksBuildPhase section */

/* Begin PBXGroup section */
		92725A7D2F99A033006FE9F2 = {
			isa = PBXGroup;
			children = (
				92725A882F99A034006FE9F2 /* Household Chore Rotation */,
				92725A992F99A036006FE9F2 /* Household Chore RotationTests */,
				92725AA32F99A036006FE9F2 /* Household Chore RotationUITests */,
				92725A872F99A034006FE9F2 /* Products */,
			);
			sourceTree = "<group>";
		};
		92725A872F99A034006FE9F2 /* Products */ = {
			isa = PBXGroup;
			children = (
				92725A862F99A034006FE9F2 /* Household Chore Rotation.app */,
				92725A962F99A036006FE9F2 /* Household Chore RotationTests.xctest */,
				92725AA02F99A036006FE9F2 /* Household Chore RotationUITests.xctest */,
			);
			name = Products;
			sourceTree = "<group>";
		};
/* End PBXGroup section */

/* Begin PBXNativeTarget section */
		92725A852F99A034006FE9F2 /* Household Chore Rotation */ = {
			isa = PBXNativeTarget;
			buildConfigurationList = 92725AAA2F99A036006FE9F2 /* Build configuration list for PBXNativeTarget "Household Chore Rotation" */;
			buildPhases = (
				92725A822F99A034006FE9F2 /* Sources */,
				92725A832F99A034006FE9F2 /* Frameworks */,
				92725A842F99A034006FE9F2 /* Resources */,
			);
			buildRules = (
			);
			dependencies = (
			);
			fileSystemSynchronizedGroups = (
				92725A882F99A034006FE9F2 /* Household Chore Rotation */,
			);
			name = "Household Chore Rotation";
			packageProductDependencies = (
			);
			productName = "Household Chore Rotation";
			productReference = 92725A862F99A034006FE9F2 /* Household Chore Rotation.app */;
			productType = "com.apple.product-type.application";
		};
		92725A952F99A036006FE9F2 /* Household Chore RotationTests */ = {
			isa = PBXNativeTarget;
			buildConfigurationList = 92725AAD2F99A036006FE9F2 /* Build configuration list for PBXNativeTarget "Household Chore RotationTests" */;
			buildPhases = (
				92725A922F99A036006FE9F2 /* Sources */,
				92725A932F99A036006FE9F2 /* Frameworks */,
				92725A942F99A036006FE9F2 /* Resources */,
			);
			buildRules = (
			);
			dependencies = (
				92725A982F99A036006FE9F2 /* PBXTargetDependency */,
			);
			fileSystemSynchronizedGroups = (
				92725A992F99A036006FE9F2 /* Household Chore RotationTests */,
			);
			name = "Household Chore RotationTests";
			packageProductDependencies = (
			);
			productName = "Household Chore RotationTests";
			productReference = 92725A962F99A036006FE9F2 /* Household Chore RotationTests.xctest */;
			productType = "com.apple.product-type.bundle.unit-test";
		};
		92725A9F2F99A036006FE9F2 /* Household Chore RotationUITests */ = {
			isa = PBXNativeTarget;
			buildConfigurationList = 92725AB02F99A036006FE9F2 /* Build configuration list for PBXNativeTarget "Household Chore RotationUITests" */;
			buildPhases = (
				92725A9C2F99A036006FE9F2 /* Sources */,
				92725A9D2F99A036006FE9F2 /* Frameworks */,
				92725A9E2F99A036006FE9F2 /* Resources */,
			);
			buildRules = (
			);
			dependencies = (
				92725AA22F99A036006FE9F2 /* PBXTargetDependency */,
			);
			fileSystemSynchronizedGroups = (
				92725AA32F99A036006FE9F2 /* Household Chore RotationUITests */,
			);
			name = "Household Chore RotationUITests";
			packageProductDependencies = (
			);
			productName = "Household Chore RotationUITests";
			productReference = 92725AA02F99A036006FE9F2 /* Household Chore RotationUITests.xctest */;
			productType = "com.apple.product-type.bundle.ui-testing";
		};
/* End PBXNativeTarget section */

/* Begin PBXProject section */
		92725A7E2F99A034006FE9F2 /* Project object */ = {
			isa = PBXProject;
			attributes = {
				BuildIndependentTargetsInParallel = 1;
				LastSwiftUpdateCheck = 1620;
				LastUpgradeCheck = 1620;
				TargetAttributes = {
					92725A852F99A034006FE9F2 = {
						CreatedOnToolsVersion = 16.2;
					};
					92725A952F99A036006FE9F2 = {
						CreatedOnToolsVersion = 16.2;
						TestTargetID = 92725A852F99A034006FE9F2;
					};
					92725A9F2F99A036006FE9F2 = {
						CreatedOnToolsVersion = 16.2;
						TestTargetID = 92725A852F99A034006FE9F2;
					};
				};
			};
			buildConfigurationList = 92725A812F99A034006FE9F2 /* Build configuration list for PBXProject "Household Chore Rotation" */;
			developmentRegion = en;
			hasScannedForEncodings = 0;
			knownRegions = (
				en,
				Base,
			);
			mainGroup = 92725A7D2F99A033006FE9F2;
			minimizedProjectReferenceProxies = 1;
			preferredProjectObjectVersion = 77;
			productRefGroup = 92725A872F99A034006FE9F2 /* Products */;
			projectDirPath = "";
			projectRoot = "";
			targets = (
				92725A852F99A034006FE9F2 /* Household Chore Rotation */,
				92725A952F99A036006FE9F2 /* Household Chore RotationTests */,
				92725A9F2F99A036006FE9F2 /* Household Chore RotationUITests */,
			);
		};
/* End PBXProject section */

/* Begin PBXResourcesBuildPhase section */
		92725A842F99A034006FE9F2 /* Resources */ = {
			isa = PBXResourcesBuildPhase;
			buildActionMask = 2147483647;
			files = (
			);
			runOnlyForDeploymentPostprocessing = 0;
		};
		92725A942F99A036006FE9F2 /* Resources */ = {
			isa = PBXResourcesBuildPhase;
			buildActionMask = 2147483647;
			files = (
			);
			runOnlyForDeploymentPostprocessing = 0;
		};
		92725A9E2F99A036006FE9F2 /* Resources */ = {
			isa = PBXResourcesBuildPhase;
			buildActionMask = 2147483647;
			files = (
			);
			runOnlyForDeploymentPostprocessing = 0;
		};
/* End PBXResourcesBuildPhase section */

/* Begin PBXSourcesBuildPhase section */
		92725A822F99A034006FE9F2 /* Sources */ = {
			isa = PBXSourcesBuildPhase;
			buildActionMask = 2147483647;
			files = (
			);
			runOnlyForDeploymentPostprocessing = 0;
		};
		92725A922F99A036006FE9F2 /* Sources */ = {
			isa = PBXSourcesBuildPhase;
			buildActionMask = 2147483647;
			files = (
			);
			runOnlyForDeploymentPostprocessing = 0;
		};
		92725A9C2F99A036006FE9F2 /* Sources */ = {
			isa = PBXSourcesBuildPhase;
			buildActionMask = 2147483647;
			files = (
			);
			runOnlyForDeploymentPostprocessing = 0;
		};
/* End PBXSourcesBuildPhase section */

/* Begin PBXTargetDependency section */
		92725A982F99A036006FE9F2 /* PBXTargetDependency */ = {
			isa = PBXTargetDependency;
			target = 92725A852F99A034006FE9F2 /* Household Chore Rotation */;
			targetProxy = 92725A972F99A036006FE9F2 /* PBXContainerItemProxy */;
		};
		92725AA22F99A036006FE9F2 /* PBXTargetDependency */ = {
			isa = PBXTargetDependency;
			target = 92725A852F99A034006FE9F2 /* Household Chore Rotation */;
			targetProxy = 92725AA12F99A036006FE9F2 /* PBXContainerItemProxy */;
		};
/* End PBXTargetDependency section */

/* Begin XCBuildConfiguration section */
		92725AA82F99A036006FE9F2 /* Debug */ = {
			isa = XCBuildConfiguration;
			buildSettings = {
				ALWAYS_SEARCH_USER_PATHS = NO;
				ASSETCATALOG_COMPILER_GENERATE_SWIFT_ASSET_SYMBOL_EXTENSIONS = YES;
				CLANG_ANALYZER_NONNULL = YES;
				CLANG_ANALYZER_NUMBER_OBJECT_CONVERSION = YES_AGGRESSIVE;
				CLANG_CXX_LANGUAGE_STANDARD = "gnu++20";
				CLANG_ENABLE_MODULES = YES;
				CLANG_ENABLE_OBJC_ARC = YES;
				CLANG_ENABLE_OBJC_WEAK = YES;
				CLANG_WARN_BLOCK_CAPTURE_AUTORELEASING = YES;
				CLANG_WARN_BOOL_CONVERSION = YES;
				CLANG_WARN_COMMA = YES;
				CLANG_WARN_CONSTANT_CONVERSION = YES;
				CLANG_WARN_DEPRECATED_OBJC_IMPLEMENTATIONS = YES;
				CLANG_WARN_DIRECT_OBJC_ISA_USAGE = YES_ERROR;
				CLANG_WARN_DOCUMENTATION_COMMENTS = YES;
				CLANG_WARN_EMPTY_BODY = YES;
				CLANG_WARN_ENUM_CONVERSION = YES;
				CLANG_WARN_INFINITE_RECURSION = YES;
				CLANG_WARN_INT_CONVERSION = YES;
				CLANG_WARN_NON_LITERAL_NULL_CONVERSION = YES;
				CLANG_WARN_OBJC_IMPLICIT_RETAIN_SELF = YES;
				CLANG_WARN_OBJC_LITERAL_CONVERSION = YES;
				CLANG_WARN_OBJC_ROOT_CLASS = YES_ERROR;
				CLANG_WARN_QUOTED_INCLUDE_IN_FRAMEWORK_HEADER = YES;
				CLANG_WARN_RANGE_LOOP_ANALYSIS = YES;
				CLANG_WARN_STRICT_PROTOTYPES = YES;
				CLANG_WARN_SUSPICIOUS_MOVE = YES;
				CLANG_WARN_UNGUARDED_AVAILABILITY = YES_AGGRESSIVE;
				CLANG_WARN_UNREACHABLE_CODE = YES;
				CLANG_WARN__DUPLICATE_METHOD_MATCH = YES;
				COPY_PHASE_STRIP = NO;
				DEBUG_INFORMATION_FORMAT = dwarf;
				ENABLE_STRICT_OBJC_MSGSEND = YES;
				ENABLE_TESTABILITY = YES;
				ENABLE_USER_SCRIPT_SANDBOXING = YES;
				GCC_C_LANGUAGE_STANDARD = gnu17;
				GCC_DYNAMIC_NO_PIC = NO;
				GCC_NO_COMMON_BLOCKS = YES;
				GCC_OPTIMIZATION_LEVEL = 0;
				GCC_PREPROCESSOR_DEFINITIONS = (
					"DEBUG=1",
					"$(inherited)",
				);
				GCC_WARN_64_TO_32_BIT_CONVERSION = YES;
				GCC_WARN_ABOUT_RETURN_TYPE = YES_ERROR;
				GCC_WARN_UNDECLARED_SELECTOR = YES;
				GCC_WARN_UNINITIALIZED_AUTOS = YES_AGGRESSIVE;
				GCC_WARN_UNUSED_FUNCTION = YES;
				GCC_WARN_UNUSED_VARIABLE = YES;
				IPHONEOS_DEPLOYMENT_TARGET = 18.2;
				LOCALIZATION_PREFERS_STRING_CATALOGS = YES;
				MTL_ENABLE_DEBUG_INFO = INCLUDE_SOURCE;
				MTL_FAST_MATH = YES;
				ONLY_ACTIVE_ARCH = YES;
				SDKROOT = iphoneos;
				SWIFT_ACTIVE_COMPILATION_CONDITIONS = "DEBUG $(inherited)";
				SWIFT_OPTIMIZATION_LEVEL = "-Onone";
			};
			name = Debug;
		};
		92725AA92F99A036006FE9F2 /* Release */ = {
			isa = XCBuildConfiguration;
			buildSettings = {
				ALWAYS_SEARCH_USER_PATHS = NO;
				ASSETCATALOG_COMPILER_GENERATE_SWIFT_ASSET_SYMBOL_EXTENSIONS = YES;
				CLANG_ANALYZER_NONNULL = YES;
				CLANG_ANALYZER_NUMBER_OBJECT_CONVERSION = YES_AGGRESSIVE;
				CLANG_CXX_LANGUAGE_STANDARD = "gnu++20";
				CLANG_ENABLE_MODULES = YES;
				CLANG_ENABLE_OBJC_ARC = YES;
				CLANG_ENABLE_OBJC_WEAK = YES;
				CLANG_WARN_BLOCK_CAPTURE_AUTORELEASING = YES;
				CLANG_WARN_BOOL_CONVERSION = YES;
				CLANG_WARN_COMMA = YES;
				CLANG_WARN_CONSTANT_CONVERSION = YES;
				CLANG_WARN_DEPRECATED_OBJC_IMPLEMENTATIONS = YES;
				CLANG_WARN_DIRECT_OBJC_ISA_USAGE = YES_ERROR;
				CLANG_WARN_DOCUMENTATION_COMMENTS = YES;
				CLANG_WARN_EMPTY_BODY = YES;
				CLANG_WARN_ENUM_CONVERSION = YES;
				CLANG_WARN_INFINITE_RECURSION = YES;
				CLANG_WARN_INT_CONVERSION = YES;
				CLANG_WARN_NON_LITERAL_NULL_CONVERSION = YES;
				CLANG_WARN_OBJC_IMPLICIT_RETAIN_SELF = YES;
				CLANG_WARN_OBJC_LITERAL_CONVERSION = YES;
				CLANG_WARN_OBJC_ROOT_CLASS = YES_ERROR;
				CLANG_WARN_QUOTED_INCLUDE_IN_FRAMEWORK_HEADER = YES;
				CLANG_WARN_RANGE_LOOP_ANALYSIS = YES;
				CLANG_WARN_STRICT_PROTOTYPES = YES;
				CLANG_WARN_SUSPICIOUS_MOVE = YES;
				CLANG_WARN_UNGUARDED_AVAILABILITY = YES_AGGRESSIVE;
				CLANG_WARN_UNREACHABLE_CODE = YES;
				CLANG_WARN__DUPLICATE_METHOD_MATCH = YES;
				COPY_PHASE_STRIP = NO;
				DEBUG_INFORMATION_FORMAT = "dwarf-with-dsym";
				ENABLE_NS_ASSERTIONS = NO;
				ENABLE_STRICT_OBJC_MSGSEND = YES;
				ENABLE_USER_SCRIPT_SANDBOXING = YES;
				GCC_C_LANGUAGE_STANDARD = gnu17;
				GCC_NO_COMMON_BLOCKS = YES;
				GCC_WARN_64_TO_32_BIT_CONVERSION = YES;
				GCC_WARN_ABOUT_RETURN_TYPE = YES_ERROR;
				GCC_WARN_UNDECLARED_SELECTOR = YES;
				GCC_WARN_UNINITIALIZED_AUTOS = YES_AGGRESSIVE;
				GCC_WARN_UNUSED_FUNCTION = YES;
				GCC_WARN_UNUSED_VARIABLE = YES;
				IPHONEOS_DEPLOYMENT_TARGET = 18.2;
				LOCALIZATION_PREFERS_STRING_CATALOGS = YES;
				MTL_ENABLE_DEBUG_INFO = NO;
				MTL_FAST_MATH = YES;
				SDKROOT = iphoneos;
				SWIFT_COMPILATION_MODE = wholemodule;
				VALIDATE_PRODUCT = YES;
			};
			name = Release;
		};
		92725AAB2F99A036006FE9F2 /* Debug */ = {
			isa = XCBuildConfiguration;
			buildSettings = {
				ASSETCATALOG_COMPILER_APPICON_NAME = AppIcon;
				ASSETCATALOG_COMPILER_GLOBAL_ACCENT_COLOR_NAME = AccentColor;
				CODE_SIGN_STYLE = Automatic;
				CURRENT_PROJECT_VERSION = 1;
				DEVELOPMENT_ASSET_PATHS = "\"Household Chore Rotation/Preview Content\"";
				ENABLE_PREVIEWS = YES;
				GENERATE_INFOPLIST_FILE = YES;
				INFOPLIST_KEY_LSApplicationCategoryType = "public.app-category.productivity";
				INFOPLIST_KEY_UIApplicationSceneManifest_Generation = YES;
				INFOPLIST_KEY_UIApplicationSupportsIndirectInputEvents = YES;
				INFOPLIST_KEY_UILaunchScreen_Generation = YES;
				INFOPLIST_KEY_UISupportedInterfaceOrientations_iPad = "UIInterfaceOrientationPortrait UIInterfaceOrientationPortraitUpsideDown UIInterfaceOrientationLandscapeLeft UIInterfaceOrientationLandscapeRight";
				INFOPLIST_KEY_UISupportedInterfaceOrientations_iPhone = "UIInterfaceOrientationPortrait UIInterfaceOrientationLandscapeLeft UIInterfaceOrientationLandscapeRight";
				LD_RUNPATH_SEARCH_PATHS = (
					"$(inherited)",
					"@executable_path/Frameworks",
				);
				MARKETING_VERSION = 0.0.1;
				PRODUCT_BUNDLE_IDENTIFIER = "com.phung.Household-Chore-Rotation";
				PRODUCT_NAME = "$(TARGET_NAME)";
				SUPPORTED_PLATFORMS = "iphoneos iphonesimulator";
				SUPPORTS_MACCATALYST = NO;
				SUPPORTS_XR_DESIGNED_FOR_IPHONE_IPAD = YES;
				SWIFT_EMIT_LOC_STRINGS = YES;
				SWIFT_VERSION = 5.0;
				TARGETED_DEVICE_FAMILY = "1,2";
			};
			name = Debug;
		};
		92725AAC2F99A036006FE9F2 /* Release */ = {
			isa = XCBuildConfiguration;
			buildSettings = {
				ASSETCATALOG_COMPILER_APPICON_NAME = AppIcon;
				ASSETCATALOG_COMPILER_GLOBAL_ACCENT_COLOR_NAME = AccentColor;
				CODE_SIGN_STYLE = Automatic;
				CURRENT_PROJECT_VERSION = 1;
				DEVELOPMENT_ASSET_PATHS = "\"Household Chore Rotation/Preview Content\"";
				ENABLE_PREVIEWS = YES;
				GENERATE_INFOPLIST_FILE = YES;
				INFOPLIST_KEY_LSApplicationCategoryType = "public.app-category.productivity";
				INFOPLIST_KEY_UIApplicationSceneManifest_Generation = YES;
				INFOPLIST_KEY_UIApplicationSupportsIndirectInputEvents = YES;
				INFOPLIST_KEY_UILaunchScreen_Generation = YES;
				INFOPLIST_KEY_UISupportedInterfaceOrientations_iPad = "UIInterfaceOrientationPortrait UIInterfaceOrientationPortraitUpsideDown UIInterfaceOrientationLandscapeLeft UIInterfaceOrientationLandscapeRight";
				INFOPLIST_KEY_UISupportedInterfaceOrientations_iPhone = "UIInterfaceOrientationPortrait UIInterfaceOrientationLandscapeLeft UIInterfaceOrientationLandscapeRight";
				LD_RUNPATH_SEARCH_PATHS = (
					"$(inherited)",
					"@executable_path/Frameworks",
				);
				MARKETING_VERSION = 0.0.1;
				PRODUCT_BUNDLE_IDENTIFIER = "com.phung.Household-Chore-Rotation";
				PRODUCT_NAME = "$(TARGET_NAME)";
				SUPPORTED_PLATFORMS = "iphoneos iphonesimulator";
				SUPPORTS_MACCATALYST = NO;
				SUPPORTS_XR_DESIGNED_FOR_IPHONE_IPAD = YES;
				SWIFT_EMIT_LOC_STRINGS = YES;
				SWIFT_VERSION = 5.0;
				TARGETED_DEVICE_FAMILY = "1,2";
			};
			name = Release;
		};
		92725AAE2F99A036006FE9F2 /* Debug */ = {
			isa = XCBuildConfiguration;
			buildSettings = {
				BUNDLE_LOADER = "$(TEST_HOST)";
				CODE_SIGN_STYLE = Automatic;
				CURRENT_PROJECT_VERSION = 1;
				GENERATE_INFOPLIST_FILE = YES;
				IPHONEOS_DEPLOYMENT_TARGET = 18.2;
				MARKETING_VERSION = 1.0;
				PRODUCT_BUNDLE_IDENTIFIER = "com.phung.Household-Chore-RotationTests";
				PRODUCT_NAME = "$(TARGET_NAME)";
				SWIFT_EMIT_LOC_STRINGS = NO;
				SWIFT_VERSION = 5.0;
				TARGETED_DEVICE_FAMILY = "1,2";
				TEST_HOST = "$(BUILT_PRODUCTS_DIR)/Household Chore Rotation.app/$(BUNDLE_EXECUTABLE_FOLDER_PATH)/Household Chore Rotation";
			};
			name = Debug;
		};
		92725AAF2F99A036006FE9F2 /* Release */ = {
			isa = XCBuildConfiguration;
			buildSettings = {
				BUNDLE_LOADER = "$(TEST_HOST)";
				CODE_SIGN_STYLE = Automatic;
				CURRENT_PROJECT_VERSION = 1;
				GENERATE_INFOPLIST_FILE = YES;
				IPHONEOS_DEPLOYMENT_TARGET = 18.2;
				MARKETING_VERSION = 1.0;
				PRODUCT_BUNDLE_IDENTIFIER = "com.phung.Household-Chore-RotationTests";
				PRODUCT_NAME = "$(TARGET_NAME)";
				SWIFT_EMIT_LOC_STRINGS = NO;
				SWIFT_VERSION = 5.0;
				TARGETED_DEVICE_FAMILY = "1,2";
				TEST_HOST = "$(BUILT_PRODUCTS_DIR)/Household Chore Rotation.app/$(BUNDLE_EXECUTABLE_FOLDER_PATH)/Household Chore Rotation";
			};
			name = Release;
		};
		92725AB12F99A036006FE9F2 /* Debug */ = {
			isa = XCBuildConfiguration;
			buildSettings = {
				CODE_SIGN_STYLE = Automatic;
				CURRENT_PROJECT_VERSION = 1;
				GENERATE_INFOPLIST_FILE = YES;
				MARKETING_VERSION = 1.0;
				PRODUCT_BUNDLE_IDENTIFIER = "com.phung.Household-Chore-RotationUITests";
				PRODUCT_NAME = "$(TARGET_NAME)";
				SWIFT_EMIT_LOC_STRINGS = NO;
				SWIFT_VERSION = 5.0;
				TARGETED_DEVICE_FAMILY = "1,2";
				TEST_TARGET_NAME = "Household Chore Rotation";
			};
			name = Debug;
		};
		92725AB22F99A036006FE9F2 /* Release */ = {
			isa = XCBuildConfiguration;
			buildSettings = {
				CODE_SIGN_STYLE = Automatic;
				CURRENT_PROJECT_VERSION = 1;
				GENERATE_INFOPLIST_FILE = YES;
				MARKETING_VERSION = 1.0;
				PRODUCT_BUNDLE_IDENTIFIER = "com.phung.Household-Chore-RotationUITests";
				PRODUCT_NAME = "$(TARGET_NAME)";
				SWIFT_EMIT_LOC_STRINGS = NO;
				SWIFT_VERSION = 5.0;
				TARGETED_DEVICE_FAMILY = "1,2";
				TEST_TARGET_NAME = "Household Chore Rotation";
			};
			name = Release;
		};
/* End XCBuildConfiguration section */

/* Begin XCConfigurationList section */
		92725A812F99A034006FE9F2 /* Build configuration list for PBXProject "Household Chore Rotation" */ = {
			isa = XCConfigurationList;
			buildConfigurations = (
				92725AA82F99A036006FE9F2 /* Debug */,
				92725AA92F99A036006FE9F2 /* Release */,
			);
			defaultConfigurationIsVisible = 0;
			defaultConfigurationName = Release;
		};
		92725AAA2F99A036006FE9F2 /* Build configuration list for PBXNativeTarget "Household Chore Rotation" */ = {
			isa = XCConfigurationList;
			buildConfigurations = (
				92725AAB2F99A036006FE9F2 /* Debug */,
				92725AAC2F99A036006FE9F2 /* Release */,
			);
			defaultConfigurationIsVisible = 0;
			defaultConfigurationName = Release;
		};
		92725AAD2F99A036006FE9F2 /* Build configuration list for PBXNativeTarget "Household Chore RotationTests" */ = {
			isa = XCConfigurationList;
			buildConfigurations = (
				92725AAE2F99A036006FE9F2 /* Debug */,
				92725AAF2F99A036006FE9F2 /* Release */,
			);
			defaultConfigurationIsVisible = 0;
			defaultConfigurationName = Release;
		};
		92725AB02F99A036006FE9F2 /* Build configuration list for PBXNativeTarget "Household Chore RotationUITests" */ = {
			isa = XCConfigurationList;
			buildConfigurations = (
				92725AB12F99A036006FE9F2 /* Debug */,
				92725AB22F99A036006FE9F2 /* Release */,
			);
			defaultConfigurationIsVisible = 0;
			defaultConfigurationName = Release;
		};
/* End XCConfigurationList section */
	};
	rootObject = 92725A7E2F99A034006FE9F2 /* Project object */;
}
